// !$*UTF8*$!
{
	archiveVersion = 1;
	classes = {
	};
	objectVersion = 55;
	objects = {

/* Begin PBXBuildFile section */
		CD12AA2328457918000BA1E7 /* AppDelegate.swift in Sources */ = {isa = PBXBuildFile; fileRef = CD12AA2228457918000BA1E7 /* AppDelegate.swift */; };
		CD12AA2528457918000BA1E7 /* SceneDelegate.swift in Sources */ = {isa = PBXBuildFile; fileRef = CD12AA2428457918000BA1E7 /* SceneDelegate.swift */; };
		CD12AA2728457918000BA1E7 /* ViewController.swift in Sources */ = {isa = PBXBuildFile; fileRef = CD12AA2628457918000BA1E7 /* ViewController.swift */; };
		CD12AA2A28457918000BA1E7 /* Main.storyboard in Resources */ = {isa = PBXBuildFile; fileRef = CD12AA2828457918000BA1E7 /* Main.storyboard */; };
		CD12AA2D28457918000BA1E7 /* FA_AmanpreetKaur_C0854967_IOSs.xcdatamodeld in Sources */ = {isa = PBXBuildFile; fileRef = CD12AA2B28457918000BA1E7 /* FA_AmanpreetKaur_C0854967_IOSs.xcdatamodeld */; };
		CD12AA2F28457919000BA1E7 /* Assets.xcassets in Resources */ = {isa = PBXBuildFile; fileRef = CD12AA2E28457919000BA1E7 /* Assets.xcassets */; };
		CD12AA3228457919000BA1E7 /* LaunchScreen.storyboard in Resources */ = {isa = PBXBuildFile; fileRef = CD12AA3028457919000BA1E7 /* LaunchScreen.storyboard */; };
		CD12AA3D28457919000BA1E7 /* FA_AmanpreetKaur_C0854967_IOSsTests.swift in Sources */ = {isa = PBXBuildFile; fileRef = CD12AA3C28457919000BA1E7 /* FA_AmanpreetKaur_C0854967_IOSsTests.swift */; };
		CD12AA4728457919000BA1E7 /* FA_AmanpreetKaur_C0854967_IOSsUITests.swift in Sources */ = {isa = PBXBuildFile; fileRef = CD12AA4628457919000BA1E7 /* FA_AmanpreetKaur_C0854967_IOSsUITests.swift */; };
		CD12AA4928457919000BA1E7 /* FA_AmanpreetKaur_C0854967_IOSsUITestsLaunchTests.swift in Sources */ = {isa = PBXBuildFile; fileRef = CD12AA4828457919000BA1E7 /* FA_AmanpreetKaur_C0854967_IOSsUITestsLaunchTests.swift */; };
/* End PBXBuildFile section */

/* Begin PBXContainerItemProxy section */
		CD12AA3928457919000BA1E7 /* PBXContainerItemProxy */ = {
			isa = PBXContainerItemProxy;
			containerPortal = CD12AA1728457918000BA1E7 /* Project object */;
			proxyType = 1;
			remoteGlobalIDString = CD12AA1E28457918000BA1E7;
			remoteInfo = FA_AmanpreetKaur_C0854967_IOSs;
		};
		CD12AA4328457919000BA1E7 /* PBXContainerItemProxy */ = {
			isa = PBXContainerItemProxy;
			containerPortal = CD12AA1728457918000BA1E7 /* Project object */;
			proxyType = 1;
			remoteGlobalIDString = CD12AA1E28457918000BA1E7;
			remoteInfo = FA_AmanpreetKaur_C0854967_IOSs;
		};
/* End PBXContainerItemProxy section */

/* Begin PBXFileReference section */
		CD12AA1F28457918000BA1E7 /* FA_AmanpreetKaur_C0854967_IOSs.app */ = {isa = PBXFileReference; explicitFileType = wrapper.application; includeInIndex = 0; path = FA_AmanpreetKaur_C0854967_IOSs.app; sourceTree = BUILT_PRODUCTS_DIR; };
		CD12AA2228457918000BA1E7 /* AppDelegate.swift */ = {isa = PBXFileReference; lastKnownFileType = sourcecode.swift; path = AppDelegate.swift; sourceTree = "<group>"; };
		CD12AA2428457918000BA1E7 /* SceneDelegate.swift */ = {isa = PBXFileReference; lastKnownFileType = sourcecode.swift; path = SceneDelegate.swift; sourceTree = "<group>"; };
		CD12AA2628457918000BA1E7 /* ViewController.swift */ = {isa = PBXFileReference; lastKnownFileType = sourcecode.swift; path = ViewController.swift; sourceTree = "<group>"; };
		CD12AA2928457918000BA1E7 /* Base */ = {isa = PBXFileReference; lastKnownFileType = file.storyboard; name = Base; path = Base.lproj/Main.storyboard; sourceTree = "<group>"; };
		CD12AA2C28457918000BA1E7 /* FA_AmanpreetKaur_C0854967_IOSs.xcdatamodel */ = {isa = PBXFileReference; lastKnownFileType = wrapper.xcdatamodel; path = FA_AmanpreetKaur_C0854967_IOSs.xcdatamodel; sourceTree = "<group>"; };
		CD12AA2E28457919000BA1E7 /* Assets.xcassets */ = {isa = PBXFileReference; lastKnownFileType = folder.assetcatalog; path = Assets.xcassets; sourceTree = "<group>"; };
		CD12AA3128457919000BA1E7 /* Base */ = {isa = PBXFileReference; lastKnownFileType = file.storyboard; name = Base; path = Base.lproj/LaunchScreen.storyboard; sourceTree = "<group>"; };
		CD12AA3328457919000BA1E7 /* Info.plist */ = {isa = PBXFileReference; lastKnownFileType = text.plist.xml; path = Info.plist; sourceTree = "<group>"; };
		CD12AA3828457919000BA1E7 /* FA_AmanpreetKaur_C0854967_IOSsTests.xctest */ = {isa = PBXFileReference; explicitFileType = wrapper.cfbundle; includeInIndex = 0; path = FA_AmanpreetKaur_C0854967_IOSsTests.xctest; sourceTree = BUILT_PRODUCTS_DIR; };
		CD12AA3C28457919000BA1E7 /* FA_AmanpreetKaur_C0854967_IOSsTests.swift */ = {isa = PBXFileReference; lastKnownFileType = sourcecode.swift; path = FA_AmanpreetKaur_C0854967_IOSsTests.swift; sourceTree = "<group>"; };
		CD12AA4228457919000BA1E7 /* FA_AmanpreetKaur_C0854967_IOSsUITests.xctest */ = {isa = PBXFileReference; explicitFileType = wrapper.cfbundle; includeInIndex = 0; path = FA_AmanpreetKaur_C0854967_IOSsUITests.xctest; sourceTree = BUILT_PRODUCTS_DIR; };
		CD12AA4628457919000BA1E7 /* FA_AmanpreetKaur_C0854967_IOSsUITests.swift */ = {isa = PBXFileReference; lastKnownFileType = sourcecode.swift; path = FA_AmanpreetKaur_C0854967_IOSsUITests.swift; sourceTree = "<group>"; };
		CD12AA4828457919000BA1E7 /* FA_AmanpreetKaur_C0854967_IOSsUITestsLaunchTests.swift */ = {isa = PBXFileReference; lastKnownFileType = sourcecode.swift; path = FA_AmanpreetKaur_C0854967_IOSsUITestsLaunchTests.swift; sourceTree = "<group>"; };
/* End PBXFileReference section */

/* Begin PBXFrameworksBuildPhase section */
		CD12AA1C28457918000BA1E7 /* Frameworks */ = {
			isa = PBXFrameworksBuildPhase;
			buildActionMask = 2147483647;
			files = (
			);
			runOnlyForDeploymentPostprocessing = 0;
		};
		CD12AA3528457919000BA1E7 /* Frameworks */ = {
			isa = PBXFrameworksBuildPhase;
			buildActionMask = 2147483647;
			files = (
			);
			runOnlyForDeploymentPostprocessing = 0;
		};
		CD12AA3F28457919000BA1E7 /* Frameworks */ = {
			isa = PBXFrameworksBuildPhase;
			buildActionMask = 2147483647;
			files = (
			);
			runOnlyForDeploymentPostprocessing = 0;
		};
/* End PBXFrameworksBuildPhase section */

/* Begin PBXGroup section */
		CD12AA1628457918000BA1E7 = {
			isa = PBXGroup;
			children = (
				CD12AA2128457918000BA1E7 /* FA_AmanpreetKaur_C0854967_IOSs */,
				CD12AA3B28457919000BA1E7 /* FA_AmanpreetKaur_C0854967_IOSsTests */,
				CD12AA4528457919000BA1E7 /* FA_AmanpreetKaur_C0854967_IOSsUITests */,
				CD12AA2028457918000BA1E7 /* Products */,
			);
			sourceTree = "<group>";
		};
		CD12AA2028457918000BA1E7 /* Products */ = {
			isa = PBXGroup;
			children = (
				CD12AA1F28457918000BA1E7 /* FA_AmanpreetKaur_C0854967_IOSs.app */,
				CD12AA3828457919000BA1E7 /* FA_AmanpreetKaur_C0854967_IOSsTests.xctest */,
				CD12AA4228457919000BA1E7 /* FA_AmanpreetKaur_C0854967_IOSsUITests.xctest */,
			);
			name = Products;
			sourceTree = "<group>";
		};
		CD12AA2128457918000BA1E7 /* FA_AmanpreetKaur_C0854967_IOSs */ = {
			isa = PBXGroup;
			children = (
				CD12AA2228457918000BA1E7 /* AppDelegate.swift */,
				CD12AA2428457918000BA1E7 /* SceneDelegate.swift */,
				CD12AA2628457918000BA1E7 /* ViewController.swift */,
				CD12AA2828457918000BA1E7 /* Main.storyboard */,
				CD12AA2E28457919000BA1E7 /* Assets.xcassets */,
				CD12AA3028457919000BA1E7 /* LaunchScreen.storyboard */,
				CD12AA3328457919000BA1E7 /* Info.plist */,
				CD12AA2B28457918000BA1E7 /* FA_AmanpreetKaur_C0854967_IOSs.xcdatamodeld */,
			);
			path = FA_AmanpreetKaur_C0854967_IOSs;
			sourceTree = "<group>";
		};
		CD12AA3B28457919000BA1E7 /* FA_AmanpreetKaur_C0854967_IOSsTests */ = {
			isa = PBXGroup;
			children = (
				CD12AA3C28457919000BA1E7 /* FA_AmanpreetKaur_C0854967_IOSsTests.swift */,
			);
			path = FA_AmanpreetKaur_C0854967_IOSsTests;
			sourceTree = "<group>";
		};
		CD12AA4528457919000BA1E7 /* FA_AmanpreetKaur_C0854967_IOSsUITests */ = {
			isa = PBXGroup;
			children = (
				CD12AA4628457919000BA1E7 /* FA_AmanpreetKaur_C0854967_IOSsUITests.swift */,
				CD12AA4828457919000BA1E7 /* FA_AmanpreetKaur_C0854967_IOSsUITestsLaunchTests.swift */,
			);
			path = FA_AmanpreetKaur_C0854967_IOSsUITests;
			sourceTree = "<group>";
		};
/* End PBXGroup section */

/* Begin PBXNativeTarget section */
		CD12AA1E28457918000BA1E7 /* FA_AmanpreetKaur_C0854967_IOSs */ = {
			isa = PBXNativeTarget;
			buildConfigurationList = CD12AA4C28457919000BA1E7 /* Build configuration list for PBXNativeTarget "FA_AmanpreetKaur_C0854967_IOSs" */;
			buildPhases = (
				CD12AA1B28457918000BA1E7 /* Sources */,
				CD12AA1C28457918000BA1E7 /* Frameworks */,
				CD12AA1D28457918000BA1E7 /* Resources */,
			);
			buildRules = (
			);
			dependencies = (
			);
			name = FA_AmanpreetKaur_C0854967_IOSs;
			productName = FA_AmanpreetKaur_C0854967_IOSs;
			productReference = CD12AA1F28457918000BA1E7 /* FA_AmanpreetKaur_C0854967_IOSs.app */;
			productType = "com.apple.product-type.application";
		};
		CD12AA3728457919000BA1E7 /* FA_AmanpreetKaur_C0854967_IOSsTests */ = {
			isa = PBXNativeTarget;
			buildConfigurationList = CD12AA4F28457919000BA1E7 /* Build configuration list for PBXNativeTarget "FA_AmanpreetKaur_C0854967_IOSsTests" */;
			buildPhases = (
				CD12AA3428457919000BA1E7 /* Sources */,
				CD12AA3528457919000BA1E7 /* Frameworks */,
				CD12AA3628457919000BA1E7 /* Resources */,
			);
			buildRules = (
			);
			dependencies = (
				CD12AA3A28457919000BA1E7 /* PBXTargetDependency */,
			);
			name = FA_AmanpreetKaur_C0854967_IOSsTests;
			productName = FA_AmanpreetKaur_C0854967_IOSsTests;
			productReference = CD12AA3828457919000BA1E7 /* FA_AmanpreetKaur_C0854967_IOSsTests.xctest */;
			productType = "com.apple.product-type.bundle.unit-test";
		};
		CD12AA4128457919000BA1E7 /* FA_AmanpreetKaur_C0854967_IOSsUITests */ = {
			isa = PBXNativeTarget;
			buildConfigurationList = CD12AA5228457919000BA1E7 /* Build configuration list for PBXNativeTarget "FA_AmanpreetKaur_C0854967_IOSsUITests" */;
			buildPhases = (
				CD12AA3E28457919000BA1E7 /* Sources */,
				CD12AA3F28457919000BA1E7 /* Frameworks */,
				CD12AA4028457919000BA1E7 /* Resources */,
			);
			buildRules = (
			);
			dependencies = (
				CD12AA4428457919000BA1E7 /* PBXTargetDependency */,
			);
			name = FA_AmanpreetKaur_C0854967_IOSsUITests;
			productName = FA_AmanpreetKaur_C0854967_IOSsUITests;
			productReference = CD12AA4228457919000BA1E7 /* FA_AmanpreetKaur_C0854967_IOSsUITests.xctest */;
			productType = "com.apple.product-type.bundle.ui-testing";
		};
/* End PBXNativeTarget section */

/* Begin PBXProject section */
		CD12AA1728457918000BA1E7 /* Project object */ = {
			isa = PBXProject;
			attributes = {
				BuildIndependentTargetsInParallel = 1;
				LastSwiftUpdateCheck = 1320;
				LastUpgradeCheck = 1320;
				TargetAttributes = {
					CD12AA1E28457918000BA1E7 = {
						CreatedOnToolsVersion = 13.2.1;
					};
					CD12AA3728457919000BA1E7 = {
						CreatedOnToolsVersion = 13.2.1;
						TestTargetID = CD12AA1E28457918000BA1E7;
					};
					CD12AA4128457919000BA1E7 = {
						CreatedOnToolsVersion = 13.2.1;
						TestTargetID = CD12AA1E28457918000BA1E7;
					};
				};
			};
			buildConfigurationList = CD12AA1A28457918000BA1E7 /* Build configuration list for PBXProject "FA_AmanpreetKaur_C0854967_IOSs" */;
			compatibilityVersion = "Xcode 13.0";
			developmentRegion = en;
			hasScannedForEncodings = 0;
			knownRegions = (
				en,
				Base,
			);
			mainGroup = CD12AA1628457918000BA1E7;
			productRefGroup = CD12AA2028457918000BA1E7 /* Products */;
			projectDirPath = "";
			projectRoot = "";
			targets = (
				CD12AA1E28457918000BA1E7 /* FA_AmanpreetKaur_C0854967_IOSs */,
				CD12AA3728457919000BA1E7 /* FA_AmanpreetKaur_C0854967_IOSsTests */,
				CD12AA4128457919000BA1E7 /* FA_AmanpreetKaur_C0854967_IOSsUITests */,
			);
		};
/* End PBXProject section */

/* Begin PBXResourcesBuildPhase section */
		CD12AA1D28457918000BA1E7 /* Resources */ = {
			isa = PBXResourcesBuildPhase;
			buildActionMask = 2147483647;
			files = (
				CD12AA3228457919000BA1E7 /* LaunchScreen.storyboard in Resources */,
				CD12AA2F28457919000BA1E7 /* Assets.xcassets in Resources */,
				CD12AA2A28457918000BA1E7 /* Main.storyboard in Resources */,
			);
			runOnlyForDeploymentPostprocessing = 0;
		};
		CD12AA3628457919000BA1E7 /* Resources */ = {
			isa = PBXResourcesBuildPhase;
			buildActionMask = 2147483647;
			files = (
			);
			runOnlyForDeploymentPostprocessing = 0;
		};
		CD12AA4028457919000BA1E7 /* Resources */ = {
			isa = PBXResourcesBuildPhase;
			buildActionMask = 2147483647;
			files = (
			);
			runOnlyForDeploymentPostprocessing = 0;
		};
/* End PBXResourcesBuildPhase section */

/* Begin PBXSourcesBuildPhase section */
		CD12AA1B28457918000BA1E7 /* Sources */ = {
			isa = PBXSourcesBuildPhase;
			buildActionMask = 2147483647;
			files = (
				CD12AA2728457918000BA1E7 /* ViewController.swift in Sources */,
				CD12AA2328457918000BA1E7 /* AppDelegate.swift in Sources */,
				CD12AA2528457918000BA1E7 /* SceneDelegate.swift in Sources */,
				CD12AA2D28457918000BA1E7 /* FA_AmanpreetKaur_C0854967_IOSs.xcdatamodeld in Sources */,
			);
			runOnlyForDeploymentPostprocessing = 0;
		};
		CD12AA3428457919000BA1E7 /* Sources */ = {
			isa = PBXSourcesBuildPhase;
			buildActionMask = 2147483647;
			files = (
				CD12AA3D28457919000BA1E7 /* FA_AmanpreetKaur_C0854967_IOSsTests.swift in Sources */,
			);
			runOnlyForDeploymentPostprocessing = 0;
		};
		CD12AA3E28457919000BA1E7 /* Sources */ = {
			isa = PBXSourcesBuildPhase;
			buildActionMask = 2147483647;
			files = (
				CD12AA4928457919000BA1E7 /* FA_AmanpreetKaur_C0854967_IOSsUITestsLaunchTests.swift in Sources */,
				CD12AA4728457919000BA1E7 /* FA_AmanpreetKaur_C0854967_IOSsUITests.swift in Sources */,
			);
			runOnlyForDeploymentPostprocessing = 0;
		};
/* End PBXSourcesBuildPhase section */

/* Begin PBXTargetDependency section */
		CD12AA3A28457919000BA1E7 /* PBXTargetDependency */ = {
			isa = PBXTargetDependency;
			target = CD12AA1E28457918000BA1E7 /* FA_AmanpreetKaur_C0854967_IOSs */;
			targetProxy = CD12AA3928457919000BA1E7 /* PBXContainerItemProxy */;
		};
		CD12AA4428457919000BA1E7 /* PBXTargetDependency */ = {
			isa = PBXTargetDependency;
			target = CD12AA1E28457918000BA1E7 /* FA_AmanpreetKaur_C0854967_IOSs */;
			targetProxy = CD12AA4328457919000BA1E7 /* PBXContainerItemProxy */;
		};
/* End PBXTargetDependency section */

/* Begin PBXVariantGroup section */
		CD12AA2828457918000BA1E7 /* Main.storyboard */ = {
			isa = PBXVariantGroup;
			children = (
				CD12AA2928457918000BA1E7 /* Base */,
			);
			name = Main.storyboard;
			sourceTree = "<group>";
		};
		CD12AA3028457919000BA1E7 /* LaunchScreen.storyboard */ = {
			isa = PBXVariantGroup;
			children = (
				CD12AA3128457919000BA1E7 /* Base */,
			);
			name = LaunchScreen.storyboard;
			sourceTree = "<group>";
		};
/* End PBXVariantGroup section */

/* Begin XCBuildConfiguration section */
		CD12AA4A28457919000BA1E7 /* Debug */ = {
			isa = XCBuildConfiguration;
			buildSettings = {
				ALWAYS_SEARCH_USER_PATHS = NO;
				CLANG_ANALYZER_NONNULL = YES;
				CLANG_ANALYZER_NUMBER_OBJECT_CONVERSION = YES_AGGRESSIVE;
				CLANG_CXX_LANGUAGE_STANDARD = "gnu++17";
				CLANG_CXX_LIBRARY = "libc++";
				CLANG_ENABLE_MODULES = YES;
				CLANG_ENABLE_OBJC_ARC = YES;
				CLANG_ENABLE_OBJC_WEAK = YES;
				CLANG_WARN_BLOCK_CAPTURE_AUTORELEASING = YES;
				CLANG_WARN_BOOL_CONVERSION = YES;
				CLANG_WARN_COMMA = YES;
				CLANG_WARN_CONSTANT_CONVERSION = YES;
				CLANG_WARN_DEPRECATED_OBJC_IMPLEMENTATIONS = YES;
				CLANG_WARN_DIRECT_OBJC_ISA_USAGE = YES_ERROR;
				CLANG_WARN_DOCUMENTATION_COMMENTS = YES;
				CLANG_WARN_EMPTY_BODY = YES;
				CLANG_WARN_ENUM_CONVERSION = YES;
				CLANG_WARN_INFINITE_RECURSION = YES;
				CLANG_WARN_INT_CONVERSION = YES;
				CLANG_WARN_NON_LITERAL_NULL_CONVERSION = YES;
				CLANG_WARN_OBJC_IMPLICIT_RETAIN_SELF = YES;
				CLANG_WARN_OBJC_LITERAL_CONVERSION = YES;
				CLANG_WARN_OBJC_ROOT_CLASS = YES_ERROR;
				CLANG_WARN_QUOTED_INCLUDE_IN_FRAMEWORK_HEADER = YES;
				CLANG_WARN_RANGE_LOOP_ANALYSIS = YES;
				CLANG_WARN_STRICT_PROTOTYPES = YES;
				CLANG_WARN_SUSPICIOUS_MOVE = YES;
				CLANG_WARN_UNGUARDED_AVAILABILITY = YES_AGGRESSIVE;
				CLANG_WARN_UNREACHABLE_CODE = YES;
				CLANG_WARN__DUPLICATE_METHOD_MATCH = YES;
				COPY_PHASE_STRIP = NO;
				DEBUG_INFORMATION_FORMAT = dwarf;
				ENABLE_STRICT_OBJC_MSGSEND = YES;
				ENABLE_TESTABILITY = YES;
				GCC_C_LANGUAGE_STANDARD = gnu11;
				GCC_DYNAMIC_NO_PIC = NO;
				GCC_NO_COMMON_BLOCKS = YES;
				GCC_OPTIMIZATION_LEVEL = 0;
				GCC_PREPROCESSOR_DEFINITIONS = (
					"DEBUG=1",
					"$(inherited)",
				);
				GCC_WARN_64_TO_32_BIT_CONVERSION = YES;
				GCC_WARN_ABOUT_RETURN_TYPE = YES_ERROR;
				GCC_WARN_UNDECLARED_SELECTOR = YES;
				GCC_WARN_UNINITIALIZED_AUTOS = YES_AGGRESSIVE;
				GCC_WARN_UNUSED_FUNCTION = YES;
				GCC_WARN_UNUSED_VARIABLE = YES;
				IPHONEOS_DEPLOYMENT_TARGET = 15.2;
				MTL_ENABLE_DEBUG_INFO = INCLUDE_SOURCE;
				MTL_FAST_MATH = YES;
				ONLY_ACTIVE_ARCH = YES;
				SDKROOT = iphoneos;
				SWIFT_ACTIVE_COMPILATION_CONDITIONS = DEBUG;
				SWIFT_OPTIMIZATION_LEVEL = "-Onone";
			};
			name = Debug;
		};
		CD12AA4B28457919000BA1E7 /* Release */ = {
			isa = XCBuildConfiguration;
			buildSettings = {
				ALWAYS_SEARCH_USER_PATHS = NO;
				CLANG_ANALYZER_NONNULL = YES;
				CLANG_ANALYZER_NUMBER_OBJECT_CONVERSION = YES_AGGRESSIVE;
				CLANG_CXX_LANGUAGE_STANDARD = "gnu++17";
				CLANG_CXX_LIBRARY = "libc++";
				CLANG_ENABLE_MODULES = YES;
				CLANG_ENABLE_OBJC_ARC = YES;
				CLANG_ENABLE_OBJC_WEAK = YES;
				CLANG_WARN_BLOCK_CAPTURE_AUTORELEASING = YES;
				CLANG_WARN_BOOL_CONVERSION = YES;
				CLANG_WARN_COMMA = YES;
				CLANG_WARN_CONSTANT_CONVERSION = YES;
				CLANG_WARN_DEPRECATED_OBJC_IMPLEMENTATIONS = YES;
				CLANG_WARN_DIRECT_OBJC_ISA_USAGE = YES_ERROR;
				CLANG_WARN_DOCUMENTATION_COMMENTS = YES;
				CLANG_WARN_EMPTY_BODY = YES;
				CLANG_WARN_ENUM_CONVERSION = YES;
				CLANG_WARN_INFINITE_RECURSION = YES;
				CLANG_WARN_INT_CONVERSION = YES;
				CLANG_WARN_NON_LITERAL_NULL_CONVERSION = YES;
				CLANG_WARN_OBJC_IMPLICIT_RETAIN_SELF = YES;
				CLANG_WARN_OBJC_LITERAL_CONVERSION = YES;
				CLANG_WARN_OBJC_ROOT_CLASS = YES_ERROR;
				CLANG_WARN_QUOTED_INCLUDE_IN_FRAMEWORK_HEADER = YES;
				CLANG_WARN_RANGE_LOOP_ANALYSIS = YES;
				CLANG_WARN_STRICT_PROTOTYPES = YES;
				CLANG_WARN_SUSPICIOUS_MOVE = YES;
				CLANG_WARN_UNGUARDED_AVAILABILITY = YES_AGGRESSIVE;
				CLANG_WARN_UNREACHABLE_CODE = YES;
				CLANG_WARN__DUPLICATE_METHOD_MATCH = YES;
				COPY_PHASE_STRIP = NO;
				DEBUG_INFORMATION_FORMAT = "dwarf-with-dsym";
				ENABLE_NS_ASSERTIONS = NO;
				ENABLE_STRICT_OBJC_MSGSEND = YES;
				GCC_C_LANGUAGE_STANDARD = gnu11;
				GCC_NO_COMMON_BLOCKS = YES;
				GCC_WARN_64_TO_32_BIT_CONVERSION = YES;
				GCC_WARN_ABOUT_RETURN_TYPE = YES_ERROR;
				GCC_WARN_UNDECLARED_SELECTOR = YES;
				GCC_WARN_UNINITIALIZED_AUTOS = YES_AGGRESSIVE;
				GCC_WARN_UNUSED_FUNCTION = YES;
				GCC_WARN_UNUSED_VARIABLE = YES;
				IPHONEOS_DEPLOYMENT_TARGET = 15.2;
				MTL_ENABLE_DEBUG_INFO = NO;
				MTL_FAST_MATH = YES;
				SDKROOT = iphoneos;
				SWIFT_COMPILATION_MODE = wholemodule;
				SWIFT_OPTIMIZATION_LEVEL = "-O";
				VALIDATE_PRODUCT = YES;
			};
			name = Release;
		};
		CD12AA4D28457919000BA1E7 /* Debug */ = {
			isa = XCBuildConfiguration;
			buildSettings = {
				ASSETCATALOG_COMPILER_APPICON_NAME = AppIcon;
				ASSETCATALOG_COMPILER_GLOBAL_ACCENT_COLOR_NAME = AccentColor;
				CODE_SIGN_STYLE = Automatic;
				CURRENT_PROJECT_VERSION = 1;
				GENERATE_INFOPLIST_FILE = YES;
				INFOPLIST_FILE = FA_AmanpreetKaur_C0854967_IOSs/Info.plist;
				INFOPLIST_KEY_UIApplicationSupportsIndirectInputEvents = YES;
				INFOPLIST_KEY_UILaunchStoryboardName = LaunchScreen;
				INFOPLIST_KEY_UIMainStoryboardFile = Main;
				INFOPLIST_KEY_UISupportedInterfaceOrientations_iPad = "UIInterfaceOrientationPortrait UIInterfaceOrientationPortraitUpsideDown UIInterfaceOrientationLandscapeLeft UIInterfaceOrientationLandscapeRight";
				INFOPLIST_KEY_UISupportedInterfaceOrientations_iPhone = "UIInterfaceOrientationPortrait UIInterfaceOrientationLandscapeLeft UIInterfaceOrientationLandscapeRight";
				LD_RUNPATH_SEARCH_PATHS = (
					"$(inherited)",
					"@executable_path/Frameworks",
				);
				MARKETING_VERSION = 1.0;
				PRODUCT_BUNDLE_IDENTIFIER = "AmanpreetKaur.FA-AmanpreetKaur-C0854967-IOSs";
				PRODUCT_NAME = "$(TARGET_NAME)";
				SWIFT_EMIT_LOC_STRINGS = YES;
				SWIFT_VERSION = 5.0;
				TARGETED_DEVICE_FAMILY = "1,2";
			};
			name = Debug;
		};
		CD12AA4E28457919000BA1E7 /* Release */ = {
			isa = XCBuildConfiguration;
			buildSettings = {
				ASSETCATALOG_COMPILER_APPICON_NAME = AppIcon;
				ASSETCATALOG_COMPILER_GLOBAL_ACCENT_COLOR_NAME = AccentColor;
				CODE_SIGN_STYLE = Automatic;
				CURRENT_PROJECT_VERSION = 1;
				GENERATE_INFOPLIST_FILE = YES;
				INFOPLIST_FILE = FA_AmanpreetKaur_C0854967_IOSs/Info.plist;
				INFOPLIST_KEY_UIApplicationSupportsIndirectInputEvents = YES;
				INFOPLIST_KEY_UILaunchStoryboardName = LaunchScreen;
				INFOPLIST_KEY_UIMainStoryboardFile = Main;
				INFOPLIST_KEY_UISupportedInterfaceOrientations_iPad = "UIInterfaceOrientationPortrait UIInterfaceOrientationPortraitUpsideDown UIInterfaceOrientationLandscapeLeft UIInterfaceOrientationLandscapeRight";
				INFOPLIST_KEY_UISupportedInterfaceOrientations_iPhone = "UIInterfaceOrientationPortrait UIInterfaceOrientationLandscapeLeft UIInterfaceOrientationLandscapeRight";
				LD_RUNPATH_SEARCH_PATHS = (
					"$(inherited)",
					"@executable_path/Frameworks",
				);
				MARKETING_VERSION = 1.0;
				PRODUCT_BUNDLE_IDENTIFIER = "AmanpreetKaur.FA-AmanpreetKaur-C0854967-IOSs";
				PRODUCT_NAME = "$(TARGET_NAME)";
				SWIFT_EMIT_LOC_STRINGS = YES;
				SWIFT_VERSION = 5.0;
				TARGETED_DEVICE_FAMILY = "1,2";
			};
			name = Release;
		};
		CD12AA5028457919000BA1E7 /* Debug */ = {
			isa = XCBuildConfiguration;
			buildSettings = {
				ALWAYS_EMBED_SWIFT_STANDARD_LIBRARIES = YES;
				BUNDLE_LOADER = "$(TEST_HOST)";
				CODE_SIGN_STYLE = Automatic;
				CURRENT_PROJECT_VERSION = 1;
				GENERATE_INFOPLIST_FILE = YES;
				IPHONEOS_DEPLOYMENT_TARGET = 15.2;
				MARKETING_VERSION = 1.0;
				PRODUCT_BUNDLE_IDENTIFIER = "AmanpreetKaur.FA-AmanpreetKaur-C0854967-IOSsTests";
				PRODUCT_NAME = "$(TARGET_NAME)";
				SWIFT_EMIT_LOC_STRINGS = NO;
				SWIFT_VERSION = 5.0;
				TARGETED_DEVICE_FAMILY = "1,2";
				TEST_HOST = "$(BUILT_PRODUCTS_DIR)/FA_AmanpreetKaur_C0854967_IOSs.app/FA_AmanpreetKaur_C0854967_IOSs";
			};
			name = Debug;
		};
		CD12AA5128457919000BA1E7 /* Release */ = {
			isa = XCBuildConfiguration;
			buildSettings = {
				ALWAYS_EMBED_SWIFT_STANDARD_LIBRARIES = YES;
				BUNDLE_LOADER = "$(TEST_HOST)";
				CODE_SIGN_STYLE = Automatic;
				CURRENT_PROJECT_VERSION = 1;
				GENERATE_INFOPLIST_FILE = YES;
				IPHONEOS_DEPLOYMENT_TARGET = 15.2;
				MARKETING_VERSION = 1.0;
				PRODUCT_BUNDLE_IDENTIFIER = "AmanpreetKaur.FA-AmanpreetKaur-C0854967-IOSsTests";
				PRODUCT_NAME = "$(TARGET_NAME)";
				SWIFT_EMIT_LOC_STRINGS = NO;
				SWIFT_VERSION = 5.0;
				TARGETED_DEVICE_FAMILY = "1,2";
				TEST_HOST = "$(BUILT_PRODUCTS_DIR)/FA_AmanpreetKaur_C0854967_IOSs.app/FA_AmanpreetKaur_C0854967_IOSs";
			};
			name = Release;
		};
		CD12AA5328457919000BA1E7 /* Debug */ = {
			isa = XCBuildConfiguration;
			buildSettings = {
				ALWAYS_EMBED_SWIFT_STANDARD_LIBRARIES = YES;
				CODE_SIGN_STYLE = Automatic;
				CURRENT_PROJECT_VERSION = 1;
				GENERATE_INFOPLIST_FILE = YES;
				MARKETING_VERSION = 1.0;
				PRODUCT_BUNDLE_IDENTIFIER = "AmanpreetKaur.FA-AmanpreetKaur-C0854967-IOSsUITests";
				PRODUCT_NAME = "$(TARGET_NAME)";
				SWIFT_EMIT_LOC_STRINGS = NO;
				SWIFT_VERSION = 5.0;
				TARGETED_DEVICE_FAMILY = "1,2";
				TEST_TARGET_NAME = FA_AmanpreetKaur_C0854967_IOSs;
			};
			name = Debug;
		};
		CD12AA5428457919000BA1E7 /* Release */ = {
			isa = XCBuildConfiguration;
			buildSettings = {
				ALWAYS_EMBED_SWIFT_STANDARD_LIBRARIES = YES;
				CODE_SIGN_STYLE = Automatic;
				CURRENT_PROJECT_VERSION = 1;
				GENERATE_INFOPLIST_FILE = YES;
				MARKETING_VERSION = 1.0;
				PRODUCT_BUNDLE_IDENTIFIER = "AmanpreetKaur.FA-AmanpreetKaur-C0854967-IOSsUITests";
				PRODUCT_NAME = "$(TARGET_NAME)";
				SWIFT_EMIT_LOC_STRINGS = NO;
				SWIFT_VERSION = 5.0;
				TARGETED_DEVICE_FAMILY = "1,2";
				TEST_TARGET_NAME = FA_AmanpreetKaur_C0854967_IOSs;
			};
			name = Release;
		};
/* End XCBuildConfiguration section */

/* Begin XCConfigurationList section */
		CD12AA1A28457918000BA1E7 /* Build configuration list for PBXProject "FA_AmanpreetKaur_C0854967_IOSs" */ = {
			isa = XCConfigurationList;
			buildConfigurations = (
				CD12AA4A28457919000BA1E7 /* Debug */,
				CD12AA4B28457919000BA1E7 /* Release */,
			);
			defaultConfigurationIsVisible = 0;
			defaultConfigurationName = Release;
		};
		CD12AA4C28457919000BA1E7 /* Build configuration list for PBXNativeTarget "FA_AmanpreetKaur_C0854967_IOSs" */ = {
			isa = XCConfigurationList;
			buildConfigurations = (
				CD12AA4D28457919000BA1E7 /* Debug */,
				CD12AA4E28457919000BA1E7 /* Release */,
			);
			defaultConfigurationIsVisible = 0;
			defaultConfigurationName = Release;
		};
		CD12AA4F28457919000BA1E7 /* Build configuration list for PBXNativeTarget "FA_AmanpreetKaur_C0854967_IOSsTests" */ = {
			isa = XCConfigurationList;
			buildConfigurations = (
				CD12AA5028457919000BA1E7 /* Debug */,
				CD12AA5128457919000BA1E7 /* Release */,
			);
			defaultConfigurationIsVisible = 0;
			defaultConfigurationName = Release;
		};
		CD12AA5228457919000BA1E7 /* Build configuration list for PBXNativeTarget "FA_AmanpreetKaur_C0854967_IOSsUITests" */ = {
			isa = XCConfigurationList;
			buildConfigurations = (
				CD12AA5328457919000BA1E7 /* Debug */,
				CD12AA5428457919000BA1E7 /* Release */,
			);
			defaultConfigurationIsVisible = 0;
			defaultConfigurationName = Release;
		};
/* End XCConfigurationList section */

/* Begin XCVersionGroup section */
		CD12AA2B28457918000BA1E7 /* FA_AmanpreetKaur_C0854967_IOSs.xcdatamodeld */ = {
			isa = XCVersionGroup;
			children = (
				CD12AA2C28457918000BA1E7 /* FA_AmanpreetKaur_C0854967_IOSs.xcdatamodel */,
			);
			currentVersion = CD12AA2C28457918000BA1E7 /* FA_AmanpreetKaur_C0854967_IOSs.xcdatamodel */;
			path = FA_AmanpreetKaur_C0854967_IOSs.xcdatamodeld;
			sourceTree = "<group>";
			versionGroupType = wrapper.xcdatamodel;
		};
/* End XCVersionGroup section */
	};
	rootObject = CD12AA1728457918000BA1E7 /* Project object */;
}
